PODS:
  - Protobuf (3.6.0)
  - SCRecorder (2.7.0)
  - SSZipArchive (1.8.1)
  - SVGAPlayer (2.1.3):
    - SVGAPlayer/Core (= 2.1.3)
    - SVGAPlayer/ProtoFiles (= 2.1.3)
  - SVGAPlayer/Core (2.1.3):
    - SSZipArchive (= 1.8.1)
    - SVGAPlayer/ProtoFiles
  - SVGAPlayer/ProtoFiles (2.1.3):
    - Protobuf (~> 3.4)

DEPENDENCIES:
  - SCRecorder (from `https://github.com/lvpengwei/SCRecorder.git`, commit `f507fcc38228e14d1c2d970f559548742cbf13a6`)
  - SVGAPlayer

SPEC REPOS:
  https://github.com/cocoapods/specs.git:
    - Protobuf
    - SSZipArchive
    - SVGAPlayer

EXTERNAL SOURCES:
  SCRecorder:
    :commit: f507fcc38228e14d1c2d970f559548742cbf13a6
    :git: https://github.com/lvpengwei/SCRecorder.git

CHECKOUT OPTIONS:
  SCRecorder:
    :commit: f507fcc38228e14d1c2d970f559548742cbf13a6
    :git: https://github.com/lvpengwei/SCRecorder.git

SPEC CHECKSUMS:
  Protobuf: 0fc0ad8bec688b2a3017a139953e01374fedbd5f
  SCRecorder: bbb521dbc222908876ec9cd9156bbc8a893bed44
  SSZipArchive: 04547dfa448be5ed7ecbaf7eaf8a6e9eb9b42997
  SVGAPlayer: 6ddd1d649d58e0dc645fd4e0cee32108e851bb57

PODFILE CHECKSUM: b4ed8bd573a6aa6c7d57cfbb103aba283b24a2d0

COCOAPODS: 1.5.3
